
Microsoft Visual Studio Solution File, Format Version 12.00
# Visual Studio 2013
VisualStudioVersion = 12.0.40629.0
MinimumVisualStudioVersion = 10.0.40219.1
Project("{FAE04EC0-301F-11D3-BF4B-00C04F79EFBC}") = "Calc", "Calc\Calc.csproj", "{5EEACEA9-0E69-4FE3-B09D-F8B97CB712F1}"
EndProject
Project("{FAE04EC0-301F-11D3-BF4B-00C04F79EFBC}") = "CalcTest", "CalcTest\CalcTest.csproj", "{238EEBD7-4CDD-41F5-B8D4-1CB1B7BFBB09}"
EndProject
Project("{FAE04EC0-301F-11D3-BF4B-00C04F79EFBC}") = "WFCalc", "WFCalc\WFCalc.csproj", "{32465930-BA27-4A25-929C-4CA149FD2E17}"
EndProject
Project("{FAE04EC0-301F-11D3-BF4B-00C04F79EFBC}") = "WebCalc", "WebCalc\WebCalc.csproj", "{33D83531-BDDE-442E-B872-305523053C71}"
EndProject
Global
	GlobalSection(SolutionConfigurationPlatforms) = preSolution
		Debug|Any CPU = Debug|Any CPU
		Release|Any CPU = Release|Any CPU
	EndGlobalSection
	GlobalSection(ProjectConfigurationPlatforms) = postSolution
		{5EEACEA9-0E69-4FE3-B09D-F8B97CB712F1}.Debug|Any CPU.ActiveCfg = Debug|Any CPU
		{5EEACEA9-0E69-4FE3-B09D-F8B97CB712F1}.Debug|Any CPU.Build.0 = Debug|Any CPU
		{5EEACEA9-0E69-4FE3-B09D-F8B97CB712F1}.Release|Any CPU.ActiveCfg = Release|Any CPU
		{5EEACEA9-0E69-4FE3-B09D-F8B97CB712F1}.Release|Any CPU.Build.0 = Release|Any CPU
		{238EEBD7-4CDD-41F5-B8D4-1CB1B7BFBB09}.Debug|Any CPU.ActiveCfg = Debug|Any CPU
		{238EEBD7-4CDD-41F5-B8D4-1CB1B7BFBB09}.Debug|Any CPU.Build.0 = Debug|Any CPU
		{238EEBD7-4CDD-41F5-B8D4-1CB1B7BFBB09}.Release|Any CPU.ActiveCfg = Release|Any CPU
		{238EEBD7-4CDD-41F5-B8D4-1CB1B7BFBB09}.Release|Any CPU.Build.0 = Release|Any CPU
		{32465930-BA27-4A25-929C-4CA149FD2E17}.Debug|Any CPU.ActiveCfg = Debug|Any CPU
		{32465930-BA27-4A25-929C-4CA149FD2E17}.Debug|Any CPU.Build.0 = Debug|Any CPU
		{32465930-BA27-4A25-929C-4CA149FD2E17}.Release|Any CPU.ActiveCfg = Release|Any CPU
		{32465930-BA27-4A25-929C-4CA149FD2E17}.Release|Any CPU.Build.0 = Release|Any CPU
		{33D83531-BDDE-442E-B872-305523053C71}.Debug|Any CPU.ActiveCfg = Debug|Any CPU
		{33D83531-BDDE-442E-B872-305523053C71}.Debug|Any CPU.Build.0 = Debug|Any CPU
		{33D83531-BDDE-442E-B872-305523053C71}.Release|Any CPU.ActiveCfg = Release|Any CPU
		{33D83531-BDDE-442E-B872-305523053C71}.Release|Any CPU.Build.0 = Release|Any CPU
	EndGlobalSection
	GlobalSection(SolutionProperties) = preSolution
		HideSolutionNode = FALSE
	EndGlobalSection
EndGlobal
